
Microsoft Visual Studio Solution File, Format Version 12.00
# Visual Studio Version 17
VisualStudioVersion = 17.6.33723.286
MinimumVisualStudioVersion = 10.0.40219.1
Project("{9A19103F-16F7-4668-BE54-9A1E7A4F7556}") = "GetuliOCR", "GetuliOCR\GetuliOCR.csproj", "{11876512-5C3A-490D-8D76-F8CBFB4B14AC}"
EndProject
Global
	GlobalSection(SolutionConfigurationPlatforms) = preSolution
		Debug|Any CPU = Debug|Any CPU
		Release|Any CPU = Release|Any CPU
	EndGlobalSection
	GlobalSection(ProjectConfigurationPlatforms) = postSolution
		{11876512-5C3A-490D-8D76-F8CBFB4B14AC}.Debug|Any CPU.ActiveCfg = Debug|Any CPU
		{11876512-5C3A-490D-8D76-F8CBFB4B14AC}.Debug|Any CPU.Build.0 = Debug|Any CPU
		{11876512-5C3A-490D-8D76-F8CBFB4B14AC}.Release|Any CPU.ActiveCfg = Release|Any CPU
		{11876512-5C3A-490D-8D76-F8CBFB4B14AC}.Release|Any CPU.Build.0 = Release|Any CPU
	EndGlobalSection
	GlobalSection(SolutionProperties) = preSolution
		HideSolutionNode = FALSE
	EndGlobalSection
	GlobalSection(ExtensibilityGlobals) = postSolution
		SolutionGuid = {2B15637C-A067-40E7-B452-5B151BFB3774}
	EndGlobalSection
EndGlobal
